github.com/Skele878/bookstore_oauth-go v0.0.0-20240415183104-8daf69ba68ce h1:+uKmDkGxcHi/W/5AowvbuSTDt6uqiSinLLO4d/Yh78w=
github.com/Skele878/bookstore_oauth-go v0.0.0-20240415183104-8daf69ba68ce/go.mod h1:BjNQNlyZvnFu3vGjGAk8I2/QL6LkPMetaRGqlFXKMfs=
github.com/Skele878/bookstore_utils-go v0.0.0-20240413190939-3efc50715252 h1:Vo1QjOWQ6PQQo7pl9GKbUbavMl4gwOALHRt+x+YuQO8=
github.com/Skele878/bookstore_utils-go v0.0.0-20240413190939-3efc50715252/go.mod h1:NoQs/O0112RqMrHK/Ptu++II4mef8E80sh527jCxl3o=
github.com/gorilla/mux v1.8.1 h1:TuBL49tXwgrFYWhqrNgrUNEY92u81SPhu7sTdzQEiWY=
github.com/gorilla/mux v1.8.1/go.mod h1:AKf9I4AEqPTmMytcMc0KkNouC66V3BtZ4qD5fmWSiMQ=
github.com/mercadolibre/golang-restclient v0.0.0-20170701022150-51958130a0a0 h1:EDOjA2IGgjSBlPlnW7CzBUo/o410SMiFh670jP29Kc4=
github.com/mercadolibre/golang-restclient v0.0.0-20170701022150-51958130a0a0/go.mod h1:Z7qYja4aGk/RWl1yJtN1LXRvC7Hsbq8SEbqWWDrMqMs=
